
Microsoft Visual Studio Solution File, Format Version 12.00
# Visual Studio Version 17
VisualStudioVersion = 17.8.34322.80
MinimumVisualStudioVersion = 10.0.40219.1
Project("{FAE04EC0-301F-11D3-BF4B-00C04F79EFBC}") = "UNG_DUNG_QUAN_LY_XE_GAN_MAY", "UNG_DUNG_QUAN_LY_XE_GAN_MAY\UNG_DUNG_QUAN_LY_XE_GAN_MAY.csproj", "{4204E66B-C8B9-4A5A-A091-2285CE90CC68}"
EndProject
Global
	GlobalSection(SolutionConfigurationPlatforms) = preSolution
		Debug|Any CPU = Debug|Any CPU
		Release|Any CPU = Release|Any CPU
	EndGlobalSection
	GlobalSection(ProjectConfigurationPlatforms) = postSolution
		{4204E66B-C8B9-4A5A-A091-2285CE90CC68}.Debug|Any CPU.ActiveCfg = Debug|Any CPU
		{4204E66B-C8B9-4A5A-A091-2285CE90CC68}.Debug|Any CPU.Build.0 = Debug|Any CPU
		{4204E66B-C8B9-4A5A-A091-2285CE90CC68}.Release|Any CPU.ActiveCfg = Release|Any CPU
		{4204E66B-C8B9-4A5A-A091-2285CE90CC68}.Release|Any CPU.Build.0 = Release|Any CPU
	EndGlobalSection
	GlobalSection(SolutionProperties) = preSolution
		HideSolutionNode = FALSE
	EndGlobalSection
	GlobalSection(ExtensibilityGlobals) = postSolution
		SolutionGuid = {C5B6FDC1-888E-4953-8A78-9CCFC2782A86}
	EndGlobalSection
EndGlobal
